
Microsoft Visual Studio Solution File, Format Version 12.00
# Visual Studio Version 17
VisualStudioVersion = 17.0.31903.59
MinimumVisualStudioVersion = 10.0.40219.1
Project("{2150E333-8FDC-42A3-9474-1A3956D46DE8}") = "src", "src", "{B09BBA94-88D1-481F-A159-BF8AAF383775}"
EndProject
Project("{2150E333-8FDC-42A3-9474-1A3956D46DE8}") = "API", "API", "{F82980FD-9A4C-438E-BDAB-A6F080AFDB1E}"
EndProject
Project("{2150E333-8FDC-42A3-9474-1A3956D46DE8}") = "Core", "Core", "{257551BB-C8E6-40B1-99AD-EE3158EF9DE8}"
EndProject
Project("{2150E333-8FDC-42A3-9474-1A3956D46DE8}") = "Infrastructure", "Infrastructure", "{7B7C30E6-202C-4CDE-A174-155F914192A8}"
EndProject
Project("{2150E333-8FDC-42A3-9474-1A3956D46DE8}") = "Common", "Common", "{B3F1FBD2-8CD7-40DD-AE15-804B9FE7B8FB}"
EndProject
Project("{FAE04EC0-301F-11D3-BF4B-00C04F79EFBC}") = "Api", "Api\Api.csproj", "{834AF66C-B374-4066-AFD9-4A421FD37C2A}"
EndProject
Project("{FAE04EC0-301F-11D3-BF4B-00C04F79EFBC}") = "Application", "Application\Application.csproj", "{27E98522-71F4-425F-B9AC-E6E6BF7D2601}"
EndProject
Project("{FAE04EC0-301F-11D3-BF4B-00C04F79EFBC}") = "Domain", "Domain\Domain.csproj", "{FB6A3335-8644-4F7C-A873-A3565BD9EF0C}"
EndProject
Project("{FAE04EC0-301F-11D3-BF4B-00C04F79EFBC}") = "Persistance", "Persistance\Persistance.csproj", "{2424291D-F49A-4177-A136-879F9A7FC623}"
EndProject
Project("{FAE04EC0-301F-11D3-BF4B-00C04F79EFBC}") = "Gateway", "Gateway\Gateway.csproj", "{BA3FDAE1-2AE6-41AC-B6D3-E1391673CE9B}"
EndProject
Project("{FAE04EC0-301F-11D3-BF4B-00C04F79EFBC}") = "Common", "Common\Common.csproj", "{2A70F909-5484-4B20-97B2-7DA38667C577}"
EndProject
Global
	GlobalSection(SolutionConfigurationPlatforms) = preSolution
		Debug|Any CPU = Debug|Any CPU
		Release|Any CPU = Release|Any CPU
	EndGlobalSection
	GlobalSection(ProjectConfigurationPlatforms) = postSolution
		{834AF66C-B374-4066-AFD9-4A421FD37C2A}.Debug|Any CPU.ActiveCfg = Debug|Any CPU
		{834AF66C-B374-4066-AFD9-4A421FD37C2A}.Debug|Any CPU.Build.0 = Debug|Any CPU
		{834AF66C-B374-4066-AFD9-4A421FD37C2A}.Release|Any CPU.ActiveCfg = Release|Any CPU
		{834AF66C-B374-4066-AFD9-4A421FD37C2A}.Release|Any CPU.Build.0 = Release|Any CPU
		{27E98522-71F4-425F-B9AC-E6E6BF7D2601}.Debug|Any CPU.ActiveCfg = Debug|Any CPU
		{27E98522-71F4-425F-B9AC-E6E6BF7D2601}.Debug|Any CPU.Build.0 = Debug|Any CPU
		{27E98522-71F4-425F-B9AC-E6E6BF7D2601}.Release|Any CPU.ActiveCfg = Release|Any CPU
		{27E98522-71F4-425F-B9AC-E6E6BF7D2601}.Release|Any CPU.Build.0 = Release|Any CPU
		{FB6A3335-8644-4F7C-A873-A3565BD9EF0C}.Debug|Any CPU.ActiveCfg = Debug|Any CPU
		{FB6A3335-8644-4F7C-A873-A3565BD9EF0C}.Debug|Any CPU.Build.0 = Debug|Any CPU
		{FB6A3335-8644-4F7C-A873-A3565BD9EF0C}.Release|Any CPU.ActiveCfg = Release|Any CPU
		{FB6A3335-8644-4F7C-A873-A3565BD9EF0C}.Release|Any CPU.Build.0 = Release|Any CPU
		{2424291D-F49A-4177-A136-879F9A7FC623}.Debug|Any CPU.ActiveCfg = Debug|Any CPU
		{2424291D-F49A-4177-A136-879F9A7FC623}.Debug|Any CPU.Build.0 = Debug|Any CPU
		{2424291D-F49A-4177-A136-879F9A7FC623}.Release|Any CPU.ActiveCfg = Release|Any CPU
		{2424291D-F49A-4177-A136-879F9A7FC623}.Release|Any CPU.Build.0 = Release|Any CPU
		{BA3FDAE1-2AE6-41AC-B6D3-E1391673CE9B}.Debug|Any CPU.ActiveCfg = Debug|Any CPU
		{BA3FDAE1-2AE6-41AC-B6D3-E1391673CE9B}.Debug|Any CPU.Build.0 = Debug|Any CPU
		{BA3FDAE1-2AE6-41AC-B6D3-E1391673CE9B}.Release|Any CPU.ActiveCfg = Release|Any CPU
		{BA3FDAE1-2AE6-41AC-B6D3-E1391673CE9B}.Release|Any CPU.Build.0 = Release|Any CPU
		{2A70F909-5484-4B20-97B2-7DA38667C577}.Debug|Any CPU.ActiveCfg = Debug|Any CPU
		{2A70F909-5484-4B20-97B2-7DA38667C577}.Debug|Any CPU.Build.0 = Debug|Any CPU
		{2A70F909-5484-4B20-97B2-7DA38667C577}.Release|Any CPU.ActiveCfg = Release|Any CPU
		{2A70F909-5484-4B20-97B2-7DA38667C577}.Release|Any CPU.Build.0 = Release|Any CPU
	EndGlobalSection
	GlobalSection(SolutionProperties) = preSolution
		HideSolutionNode = FALSE
	EndGlobalSection
	GlobalSection(NestedProjects) = preSolution
		{F82980FD-9A4C-438E-BDAB-A6F080AFDB1E} = {B09BBA94-88D1-481F-A159-BF8AAF383775}
		{257551BB-C8E6-40B1-99AD-EE3158EF9DE8} = {B09BBA94-88D1-481F-A159-BF8AAF383775}
		{7B7C30E6-202C-4CDE-A174-155F914192A8} = {B09BBA94-88D1-481F-A159-BF8AAF383775}
		{B3F1FBD2-8CD7-40DD-AE15-804B9FE7B8FB} = {B09BBA94-88D1-481F-A159-BF8AAF383775}
		{834AF66C-B374-4066-AFD9-4A421FD37C2A} = {F82980FD-9A4C-438E-BDAB-A6F080AFDB1E}
		{27E98522-71F4-425F-B9AC-E6E6BF7D2601} = {257551BB-C8E6-40B1-99AD-EE3158EF9DE8}
		{FB6A3335-8644-4F7C-A873-A3565BD9EF0C} = {257551BB-C8E6-40B1-99AD-EE3158EF9DE8}
		{2424291D-F49A-4177-A136-879F9A7FC623} = {7B7C30E6-202C-4CDE-A174-155F914192A8}
		{BA3FDAE1-2AE6-41AC-B6D3-E1391673CE9B} = {7B7C30E6-202C-4CDE-A174-155F914192A8}
		{2A70F909-5484-4B20-97B2-7DA38667C577} = {B3F1FBD2-8CD7-40DD-AE15-804B9FE7B8FB}
	EndGlobalSection
EndGlobal
