
Microsoft Visual Studio Solution File, Format Version 12.00
# Visual Studio Version 17
VisualStudioVersion = 17.0.31903.59
MinimumVisualStudioVersion = 10.0.40219.1
Project("{2150E333-8FDC-42A3-9474-1A3956D46DE8}") = "src", "src", "{B09BBA94-88D1-481F-A159-BF8AAF383775}"
EndProject
Project("{2150E333-8FDC-42A3-9474-1A3956D46DE8}") = "API", "API", "{24D42E3C-6D1F-4484-8A96-49428264B646}"
EndProject
Project("{2150E333-8FDC-42A3-9474-1A3956D46DE8}") = "Common", "Common", "{DBC987BF-E5FA-4493-8869-CB0399D7F63B}"
EndProject
Project("{2150E333-8FDC-42A3-9474-1A3956D46DE8}") = "Infrastructure", "Infrastructure", "{4B97676E-D091-4241-AC3D-BEDB5D2D3440}"
EndProject
Project("{2150E333-8FDC-42A3-9474-1A3956D46DE8}") = "Core", "Core", "{5E8A6F89-DD7D-4442-A593-71260544722E}"
EndProject
Project("{FAE04EC0-301F-11D3-BF4B-00C04F79EFBC}") = "Api", "src\Api\Api.csproj", "{8955AFD3-0F26-49BA-B3B3-92863F59566B}"
EndProject
Project("{FAE04EC0-301F-11D3-BF4B-00C04F79EFBC}") = "Common", "src\Common\Common.csproj", "{A38CBE0D-333D-41CD-A6E5-653097E9FA18}"
EndProject
Project("{FAE04EC0-301F-11D3-BF4B-00C04F79EFBC}") = "Application", "src\Application\Application.csproj", "{601B37CC-CF55-43E1-BCB1-0D55F6BDB95C}"
EndProject
Project("{FAE04EC0-301F-11D3-BF4B-00C04F79EFBC}") = "Domain", "src\Domain\Domain.csproj", "{8F4EE074-45E6-4490-BAEB-C63DE05CA9BA}"
EndProject
Project("{FAE04EC0-301F-11D3-BF4B-00C04F79EFBC}") = "Persistance", "src\Persistance\Persistance.csproj", "{6558386B-1C45-489B-B4A7-3484E9D8EC56}"
EndProject
Project("{FAE04EC0-301F-11D3-BF4B-00C04F79EFBC}") = "Gateway", "src\Gateway\Gateway.csproj", "{5E8152B6-6230-4A32-85AC-3DE43728DE24}"
EndProject
Global
	GlobalSection(SolutionConfigurationPlatforms) = preSolution
		Debug|Any CPU = Debug|Any CPU
		Release|Any CPU = Release|Any CPU
	EndGlobalSection
	GlobalSection(ProjectConfigurationPlatforms) = postSolution
		{8955AFD3-0F26-49BA-B3B3-92863F59566B}.Debug|Any CPU.ActiveCfg = Debug|Any CPU
		{8955AFD3-0F26-49BA-B3B3-92863F59566B}.Debug|Any CPU.Build.0 = Debug|Any CPU
		{8955AFD3-0F26-49BA-B3B3-92863F59566B}.Release|Any CPU.ActiveCfg = Release|Any CPU
		{8955AFD3-0F26-49BA-B3B3-92863F59566B}.Release|Any CPU.Build.0 = Release|Any CPU
		{A38CBE0D-333D-41CD-A6E5-653097E9FA18}.Debug|Any CPU.ActiveCfg = Debug|Any CPU
		{A38CBE0D-333D-41CD-A6E5-653097E9FA18}.Debug|Any CPU.Build.0 = Debug|Any CPU
		{A38CBE0D-333D-41CD-A6E5-653097E9FA18}.Release|Any CPU.ActiveCfg = Release|Any CPU
		{A38CBE0D-333D-41CD-A6E5-653097E9FA18}.Release|Any CPU.Build.0 = Release|Any CPU
		{601B37CC-CF55-43E1-BCB1-0D55F6BDB95C}.Debug|Any CPU.ActiveCfg = Debug|Any CPU
		{601B37CC-CF55-43E1-BCB1-0D55F6BDB95C}.Debug|Any CPU.Build.0 = Debug|Any CPU
		{601B37CC-CF55-43E1-BCB1-0D55F6BDB95C}.Release|Any CPU.ActiveCfg = Release|Any CPU
		{601B37CC-CF55-43E1-BCB1-0D55F6BDB95C}.Release|Any CPU.Build.0 = Release|Any CPU
		{8F4EE074-45E6-4490-BAEB-C63DE05CA9BA}.Debug|Any CPU.ActiveCfg = Debug|Any CPU
		{8F4EE074-45E6-4490-BAEB-C63DE05CA9BA}.Debug|Any CPU.Build.0 = Debug|Any CPU
		{8F4EE074-45E6-4490-BAEB-C63DE05CA9BA}.Release|Any CPU.ActiveCfg = Release|Any CPU
		{8F4EE074-45E6-4490-BAEB-C63DE05CA9BA}.Release|Any CPU.Build.0 = Release|Any CPU
		{6558386B-1C45-489B-B4A7-3484E9D8EC56}.Debug|Any CPU.ActiveCfg = Debug|Any CPU
		{6558386B-1C45-489B-B4A7-3484E9D8EC56}.Debug|Any CPU.Build.0 = Debug|Any CPU
		{6558386B-1C45-489B-B4A7-3484E9D8EC56}.Release|Any CPU.ActiveCfg = Release|Any CPU
		{6558386B-1C45-489B-B4A7-3484E9D8EC56}.Release|Any CPU.Build.0 = Release|Any CPU
		{5E8152B6-6230-4A32-85AC-3DE43728DE24}.Debug|Any CPU.ActiveCfg = Debug|Any CPU
		{5E8152B6-6230-4A32-85AC-3DE43728DE24}.Debug|Any CPU.Build.0 = Debug|Any CPU
		{5E8152B6-6230-4A32-85AC-3DE43728DE24}.Release|Any CPU.ActiveCfg = Release|Any CPU
		{5E8152B6-6230-4A32-85AC-3DE43728DE24}.Release|Any CPU.Build.0 = Release|Any CPU
	EndGlobalSection
	GlobalSection(SolutionProperties) = preSolution
		HideSolutionNode = FALSE
	EndGlobalSection
	GlobalSection(NestedProjects) = preSolution
		{24D42E3C-6D1F-4484-8A96-49428264B646} = {B09BBA94-88D1-481F-A159-BF8AAF383775}
		{DBC987BF-E5FA-4493-8869-CB0399D7F63B} = {B09BBA94-88D1-481F-A159-BF8AAF383775}
		{4B97676E-D091-4241-AC3D-BEDB5D2D3440} = {B09BBA94-88D1-481F-A159-BF8AAF383775}
		{5E8A6F89-DD7D-4442-A593-71260544722E} = {B09BBA94-88D1-481F-A159-BF8AAF383775}
		{8955AFD3-0F26-49BA-B3B3-92863F59566B} = {24D42E3C-6D1F-4484-8A96-49428264B646}
		{A38CBE0D-333D-41CD-A6E5-653097E9FA18} = {DBC987BF-E5FA-4493-8869-CB0399D7F63B}
		{601B37CC-CF55-43E1-BCB1-0D55F6BDB95C} = {5E8A6F89-DD7D-4442-A593-71260544722E}
		{8F4EE074-45E6-4490-BAEB-C63DE05CA9BA} = {5E8A6F89-DD7D-4442-A593-71260544722E}
		{6558386B-1C45-489B-B4A7-3484E9D8EC56} = {4B97676E-D091-4241-AC3D-BEDB5D2D3440}
		{5E8152B6-6230-4A32-85AC-3DE43728DE24} = {4B97676E-D091-4241-AC3D-BEDB5D2D3440}
	EndGlobalSection
	GlobalSection(ExtensibilityGlobals) = postSolution
		SolutionGuid = {48B289D6-3D25-4A28-B448-E66652E9615C}
	EndGlobalSection
EndGlobal
